
Microsoft Visual Studio Solution File, Format Version 12.00
# Visual Studio Version 17
VisualStudioVersion = 17.9.34728.123
MinimumVisualStudioVersion = 10.0.40219.1
Project("{FAE04EC0-301F-11D3-BF4B-00C04F79EFBC}") = "TestPRN231", "TestPRN231\TestPRN231.csproj", "{2DC676F9-D726-41BB-B583-B7F1BF0EC727}"
EndProject
Global
	GlobalSection(SolutionConfigurationPlatforms) = preSolution
		Debug|Any CPU = Debug|Any CPU
		Release|Any CPU = Release|Any CPU
	EndGlobalSection
	GlobalSection(ProjectConfigurationPlatforms) = postSolution
		{2DC676F9-D726-41BB-B583-B7F1BF0EC727}.Debug|Any CPU.ActiveCfg = Debug|Any CPU
		{2DC676F9-D726-41BB-B583-B7F1BF0EC727}.Debug|Any CPU.Build.0 = Debug|Any CPU
		{2DC676F9-D726-41BB-B583-B7F1BF0EC727}.Release|Any CPU.ActiveCfg = Release|Any CPU
		{2DC676F9-D726-41BB-B583-B7F1BF0EC727}.Release|Any CPU.Build.0 = Release|Any CPU
	EndGlobalSection
	GlobalSection(SolutionProperties) = preSolution
		HideSolutionNode = FALSE
	EndGlobalSection
	GlobalSection(ExtensibilityGlobals) = postSolution
		SolutionGuid = {22C836F8-FEC2-4544-B423-D4315360A151}
	EndGlobalSection
EndGlobal
